// !$*UTF8*$!
{
	archiveVersion = 1;
	classes = {
	};
	objectVersion = 50;
	objects = {

/* Begin PBXBuildFile section */
		A91879172559FD7400C6B952 /* AppDelegate.swift in Sources */ = {isa = PBXBuildFile; fileRef = A91879162559FD7400C6B952 /* AppDelegate.swift */; };
		A91879192559FD7400C6B952 /* ContentView.swift in Sources */ = {isa = PBXBuildFile; fileRef = A91879182559FD7400C6B952 /* ContentView.swift */; };
		A918791B2559FD7600C6B952 /* Assets.xcassets in Resources */ = {isa = PBXBuildFile; fileRef = A918791A2559FD7600C6B952 /* Assets.xcassets */; };
		A918791E2559FD7600C6B952 /* Preview Assets.xcassets in Resources */ = {isa = PBXBuildFile; fileRef = A918791D2559FD7600C6B952 /* Preview Assets.xcassets */; };
		A918792D2559FD7600C6B952 /* LightShowTests.swift in Sources */ = {isa = PBXBuildFile; fileRef = A918792C2559FD7600C6B952 /* LightShowTests.swift */; };
		A91879382559FD7600C6B952 /* LightShowUITests.swift in Sources */ = {isa = PBXBuildFile; fileRef = A91879372559FD7600C6B952 /* LightShowUITests.swift */; };
		A91879492559FE4500C6B952 /* PatternRow.swift in Sources */ = {isa = PBXBuildFile; fileRef = A91879482559FE4500C6B952 /* PatternRow.swift */; };
		A9187953255A2F1B00C6B952 /* PatternList.swift in Sources */ = {isa = PBXBuildFile; fileRef = A9187952255A2F1B00C6B952 /* PatternList.swift */; };
		A9548FCE2561C19700441B1A /* Pattern.swift in Sources */ = {isa = PBXBuildFile; fileRef = A9548FCD2561C19700441B1A /* Pattern.swift */; };
		A9548FD32561C4CC00441B1A /* PatternStore.swift in Sources */ = {isa = PBXBuildFile; fileRef = A9548FD22561C4CC00441B1A /* PatternStore.swift */; };
		A9548FE62561E4DD00441B1A /* BridgeCanvas.cpp in Sources */ = {isa = PBXBuildFile; fileRef = A9548FE42561E4DD00441B1A /* BridgeCanvas.cpp */; };
		A95490102561EE7E00441B1A /* Main.storyboard in Resources */ = {isa = PBXBuildFile; fileRef = A918791F2559FD7600C6B952 /* Main.storyboard */; };
		A95490152562F41D00441B1A /* Bridging.swift in Sources */ = {isa = PBXBuildFile; fileRef = A95490142562F41D00441B1A /* Bridging.swift */; };
		A9B5EA51256ACC3E00E2F783 /* liblightshow.a in Frameworks */ = {isa = PBXBuildFile; fileRef = A9B5EA48256AC60400E2F783 /* liblightshow.a */; };
		A9B5EA68256ACEAA00E2F783 /* Patterns in Resources */ = {isa = PBXBuildFile; fileRef = A9B5EA67256ACEAA00E2F783 /* Patterns */; };
/* End PBXBuildFile section */

/* Begin PBXContainerItemProxy section */
		A91879292559FD7600C6B952 /* PBXContainerItemProxy */ = {
			isa = PBXContainerItemProxy;
			containerPortal = A918790B2559FD7300C6B952 /* Project object */;
			proxyType = 1;
			remoteGlobalIDString = A91879122559FD7300C6B952;
			remoteInfo = LightStrings;
		};
		A91879342559FD7600C6B952 /* PBXContainerItemProxy */ = {
			isa = PBXContainerItemProxy;
			containerPortal = A918790B2559FD7300C6B952 /* Project object */;
			proxyType = 1;
			remoteGlobalIDString = A91879122559FD7300C6B952;
			remoteInfo = LightStrings;
		};
/* End PBXContainerItemProxy section */

/* Begin PBXFileReference section */
		A91879132559FD7300C6B952 /* LightShow.app */ = {isa = PBXFileReference; explicitFileType = wrapper.application; includeInIndex = 0; path = LightShow.app; sourceTree = BUILT_PRODUCTS_DIR; };
		A91879162559FD7400C6B952 /* AppDelegate.swift */ = {isa = PBXFileReference; lastKnownFileType = sourcecode.swift; path = AppDelegate.swift; sourceTree = "<group>"; };
		A91879182559FD7400C6B952 /* ContentView.swift */ = {isa = PBXFileReference; lastKnownFileType = sourcecode.swift; path = ContentView.swift; sourceTree = "<group>"; };
		A918791A2559FD7600C6B952 /* Assets.xcassets */ = {isa = PBXFileReference; lastKnownFileType = folder.assetcatalog; path = Assets.xcassets; sourceTree = "<group>"; };
		A918791D2559FD7600C6B952 /* Preview Assets.xcassets */ = {isa = PBXFileReference; lastKnownFileType = folder.assetcatalog; path = "Preview Assets.xcassets"; sourceTree = "<group>"; };
		A91879202559FD7600C6B952 /* Base */ = {isa = PBXFileReference; lastKnownFileType = file.storyboard; name = Base; path = Base.lproj/Main.storyboard; sourceTree = "<group>"; };
		A91879222559FD7600C6B952 /* Info.plist */ = {isa = PBXFileReference; lastKnownFileType = text.plist.xml; path = Info.plist; sourceTree = "<group>"; };
		A91879232559FD7600C6B952 /* LightShow.entitlements */ = {isa = PBXFileReference; lastKnownFileType = text.plist.entitlements; path = LightShow.entitlements; sourceTree = "<group>"; };
		A91879282559FD7600C6B952 /* LightShowTests.xctest */ = {isa = PBXFileReference; explicitFileType = wrapper.cfbundle; includeInIndex = 0; path = LightShowTests.xctest; sourceTree = BUILT_PRODUCTS_DIR; };
		A918792C2559FD7600C6B952 /* LightShowTests.swift */ = {isa = PBXFileReference; lastKnownFileType = sourcecode.swift; path = LightShowTests.swift; sourceTree = "<group>"; };
		A918792E2559FD7600C6B952 /* Info.plist */ = {isa = PBXFileReference; lastKnownFileType = text.plist.xml; path = Info.plist; sourceTree = "<group>"; };
		A91879332559FD7600C6B952 /* LightShowUITests.xctest */ = {isa = PBXFileReference; explicitFileType = wrapper.cfbundle; includeInIndex = 0; path = LightShowUITests.xctest; sourceTree = BUILT_PRODUCTS_DIR; };
		A91879372559FD7600C6B952 /* LightShowUITests.swift */ = {isa = PBXFileReference; lastKnownFileType = sourcecode.swift; path = LightShowUITests.swift; sourceTree = "<group>"; };
		A91879392559FD7600C6B952 /* Info.plist */ = {isa = PBXFileReference; lastKnownFileType = text.plist.xml; path = Info.plist; sourceTree = "<group>"; };
		A91879482559FE4500C6B952 /* PatternRow.swift */ = {isa = PBXFileReference; lastKnownFileType = sourcecode.swift; path = PatternRow.swift; sourceTree = "<group>"; };
		A9187952255A2F1B00C6B952 /* PatternList.swift */ = {isa = PBXFileReference; lastKnownFileType = sourcecode.swift; path = PatternList.swift; sourceTree = "<group>"; };
		A9548FCD2561C19700441B1A /* Pattern.swift */ = {isa = PBXFileReference; lastKnownFileType = sourcecode.swift; path = Pattern.swift; sourceTree = "<group>"; };
		A9548FD22561C4CC00441B1A /* PatternStore.swift */ = {isa = PBXFileReference; lastKnownFileType = sourcecode.swift; path = PatternStore.swift; sourceTree = "<group>"; };
		A9548FDF2561E36000441B1A /* Bridging.h */ = {isa = PBXFileReference; lastKnownFileType = sourcecode.c.h; path = Bridging.h; sourceTree = "<group>"; };
		A9548FE42561E4DD00441B1A /* BridgeCanvas.cpp */ = {isa = PBXFileReference; lastKnownFileType = sourcecode.cpp.cpp; path = BridgeCanvas.cpp; sourceTree = "<group>"; };
		A9548FE52561E4DD00441B1A /* BridgeCanvas.hpp */ = {isa = PBXFileReference; lastKnownFileType = sourcecode.cpp.h; path = BridgeCanvas.hpp; sourceTree = "<group>"; };
		A95490142562F41D00441B1A /* Bridging.swift */ = {isa = PBXFileReference; lastKnownFileType = sourcecode.swift; path = Bridging.swift; sourceTree = "<group>"; };
		A9B5EA48256AC60400E2F783 /* liblightshow.a */ = {isa = PBXFileReference; lastKnownFileType = archive.ar; name = liblightshow.a; path = "../lightshow-render/src/liblightshow.a"; sourceTree = "<group>"; };
		A9B5EA4A256AC77A00E2F783 /* LightShow.h */ = {isa = PBXFileReference; fileEncoding = 4; lastKnownFileType = sourcecode.c.h; name = LightShow.h; path = "../../lightshow-render/src/LightShow.h"; sourceTree = "<group>"; };
		A9B5EA67256ACEAA00E2F783 /* Patterns */ = {isa = PBXFileReference; lastKnownFileType = folder; path = Patterns; sourceTree = "<group>"; };
/* End PBXFileReference section */

/* Begin PBXFrameworksBuildPhase section */
		A91879102559FD7300C6B952 /* Frameworks */ = {
			isa = PBXFrameworksBuildPhase;
			buildActionMask = 2147483647;
			files = (
				A9B5EA51256ACC3E00E2F783 /* liblightshow.a in Frameworks */,
			);
			runOnlyForDeploymentPostprocessing = 0;
		};
		A91879252559FD7600C6B952 /* Frameworks */ = {
			isa = PBXFrameworksBuildPhase;
			buildActionMask = 2147483647;
			files = (
			);
			runOnlyForDeploymentPostprocessing = 0;
		};
		A91879302559FD7600C6B952 /* Frameworks */ = {
			isa = PBXFrameworksBuildPhase;
			buildActionMask = 2147483647;
			files = (
			);
			runOnlyForDeploymentPostprocessing = 0;
		};
/* End PBXFrameworksBuildPhase section */

/* Begin PBXGroup section */
		A918790A2559FD7300C6B952 = {
			isa = PBXGroup;
			children = (
				A9B5EA67256ACEAA00E2F783 /* Patterns */,
				A91879152559FD7400C6B952 /* LightShow */,
				A918792B2559FD7600C6B952 /* LightShowTests */,
				A91879362559FD7600C6B952 /* LightShowUITests */,
				A91879142559FD7300C6B952 /* Products */,
				A9B5EA47256AC60400E2F783 /* Frameworks */,
			);
			sourceTree = "<group>";
		};
		A91879142559FD7300C6B952 /* Products */ = {
			isa = PBXGroup;
			children = (
				A91879132559FD7300C6B952 /* LightShow.app */,
				A91879282559FD7600C6B952 /* LightShowTests.xctest */,
				A91879332559FD7600C6B952 /* LightShowUITests.xctest */,
			);
			name = Products;
			sourceTree = "<group>";
		};
		A91879152559FD7400C6B952 /* LightShow */ = {
			isa = PBXGroup;
			children = (
				A9B5EA4A256AC77A00E2F783 /* LightShow.h */,
				A91879162559FD7400C6B952 /* AppDelegate.swift */,
				A91879182559FD7400C6B952 /* ContentView.swift */,
				A918791A2559FD7600C6B952 /* Assets.xcassets */,
				A918791F2559FD7600C6B952 /* Main.storyboard */,
				A91879222559FD7600C6B952 /* Info.plist */,
				A91879232559FD7600C6B952 /* LightShow.entitlements */,
				A918791C2559FD7600C6B952 /* Preview Content */,
				A91879482559FE4500C6B952 /* PatternRow.swift */,
				A9187952255A2F1B00C6B952 /* PatternList.swift */,
				A9548FCD2561C19700441B1A /* Pattern.swift */,
				A9548FD22561C4CC00441B1A /* PatternStore.swift */,
				A9548FDF2561E36000441B1A /* Bridging.h */,
				A95490142562F41D00441B1A /* Bridging.swift */,
				A9548FE42561E4DD00441B1A /* BridgeCanvas.cpp */,
				A9548FE52561E4DD00441B1A /* BridgeCanvas.hpp */,
			);
			path = LightShow;
			sourceTree = "<group>";
		};
		A918791C2559FD7600C6B952 /* Preview Content */ = {
			isa = PBXGroup;
			children = (
				A918791D2559FD7600C6B952 /* Preview Assets.xcassets */,
			);
			path = "Preview Content";
			sourceTree = "<group>";
		};
		A918792B2559FD7600C6B952 /* LightShowTests */ = {
			isa = PBXGroup;
			children = (
				A918792C2559FD7600C6B952 /* LightShowTests.swift */,
				A918792E2559FD7600C6B952 /* Info.plist */,
			);
			path = LightShowTests;
			sourceTree = "<group>";
		};
		A91879362559FD7600C6B952 /* LightShowUITests */ = {
			isa = PBXGroup;
			children = (
				A91879372559FD7600C6B952 /* LightShowUITests.swift */,
				A91879392559FD7600C6B952 /* Info.plist */,
			);
			path = LightShowUITests;
			sourceTree = "<group>";
		};
		A9B5EA47256AC60400E2F783 /* Frameworks */ = {
			isa = PBXGroup;
			children = (
				A9B5EA48256AC60400E2F783 /* liblightshow.a */,
			);
			name = Frameworks;
			sourceTree = "<group>";
		};
/* End PBXGroup section */

/* Begin PBXNativeTarget section */
		A91879122559FD7300C6B952 /* LightShow */ = {
			isa = PBXNativeTarget;
			buildConfigurationList = A918793C2559FD7600C6B952 /* Build configuration list for PBXNativeTarget "LightShow" */;
			buildPhases = (
				A918790F2559FD7300C6B952 /* Sources */,
				A91879102559FD7300C6B952 /* Frameworks */,
				A91879112559FD7300C6B952 /* Resources */,
			);
			buildRules = (
			);
			dependencies = (
			);
			name = LightShow;
			productName = LightStrings;
			productReference = A91879132559FD7300C6B952 /* LightShow.app */;
			productType = "com.apple.product-type.application";
		};
		A91879272559FD7600C6B952 /* LightShowTests */ = {
			isa = PBXNativeTarget;
			buildConfigurationList = A918793F2559FD7600C6B952 /* Build configuration list for PBXNativeTarget "LightShowTests" */;
			buildPhases = (
				A91879242559FD7600C6B952 /* Sources */,
				A91879252559FD7600C6B952 /* Frameworks */,
				A91879262559FD7600C6B952 /* Resources */,
			);
			buildRules = (
			);
			dependencies = (
				A918792A2559FD7600C6B952 /* PBXTargetDependency */,
			);
			name = LightShowTests;
			productName = LightStringsTests;
			productReference = A91879282559FD7600C6B952 /* LightShowTests.xctest */;
			productType = "com.apple.product-type.bundle.unit-test";
		};
		A91879322559FD7600C6B952 /* LightShowUITests */ = {
			isa = PBXNativeTarget;
			buildConfigurationList = A91879422559FD7600C6B952 /* Build configuration list for PBXNativeTarget "LightShowUITests" */;
			buildPhases = (
				A918792F2559FD7600C6B952 /* Sources */,
				A91879302559FD7600C6B952 /* Frameworks */,
				A91879312559FD7600C6B952 /* Resources */,
			);
			buildRules = (
			);
			dependencies = (
				A91879352559FD7600C6B952 /* PBXTargetDependency */,
			);
			name = LightShowUITests;
			productName = LightStringsUITests;
			productReference = A91879332559FD7600C6B952 /* LightShowUITests.xctest */;
			productType = "com.apple.product-type.bundle.ui-testing";
		};
/* End PBXNativeTarget section */

/* Begin PBXProject section */
		A918790B2559FD7300C6B952 /* Project object */ = {
			isa = PBXProject;
			attributes = {
				LastSwiftUpdateCheck = 1200;
				LastUpgradeCheck = 1200;
				TargetAttributes = {
					A91879122559FD7300C6B952 = {
						CreatedOnToolsVersion = 12.0.1;
						LastSwiftMigration = 1200;
					};
					A91879272559FD7600C6B952 = {
						CreatedOnToolsVersion = 12.0.1;
						LastSwiftMigration = 1200;
						TestTargetID = A91879122559FD7300C6B952;
					};
					A91879322559FD7600C6B952 = {
						CreatedOnToolsVersion = 12.0.1;
						TestTargetID = A91879122559FD7300C6B952;
					};
				};
			};
			buildConfigurationList = A918790E2559FD7300C6B952 /* Build configuration list for PBXProject "LightShow" */;
			compatibilityVersion = "Xcode 9.3";
			developmentRegion = en;
			hasScannedForEncodings = 0;
			knownRegions = (
				en,
				Base,
			);
			mainGroup = A918790A2559FD7300C6B952;
			productRefGroup = A91879142559FD7300C6B952 /* Products */;
			projectDirPath = "";
			projectRoot = "";
			targets = (
				A91879122559FD7300C6B952 /* LightShow */,
				A91879272559FD7600C6B952 /* LightShowTests */,
				A91879322559FD7600C6B952 /* LightShowUITests */,
			);
		};
/* End PBXProject section */

/* Begin PBXResourcesBuildPhase section */
		A91879112559FD7300C6B952 /* Resources */ = {
			isa = PBXResourcesBuildPhase;
			buildActionMask = 2147483647;
			files = (
				A9B5EA68256ACEAA00E2F783 /* Patterns in Resources */,
				A95490102561EE7E00441B1A /* Main.storyboard in Resources */,
				A918791E2559FD7600C6B952 /* Preview Assets.xcassets in Resources */,
				A918791B2559FD7600C6B952 /* Assets.xcassets in Resources */,
			);
			runOnlyForDeploymentPostprocessing = 0;
		};
		A91879262559FD7600C6B952 /* Resources */ = {
			isa = PBXResourcesBuildPhase;
			buildActionMask = 2147483647;
			files = (
			);
			runOnlyForDeploymentPostprocessing = 0;
		};
		A91879312559FD7600C6B952 /* Resources */ = {
			isa = PBXResourcesBuildPhase;
			buildActionMask = 2147483647;
			files = (
			);
			runOnlyForDeploymentPostprocessing = 0;
		};
/* End PBXResourcesBuildPhase section */

/* Begin PBXSourcesBuildPhase section */
		A918790F2559FD7300C6B952 /* Sources */ = {
			isa = PBXSourcesBuildPhase;
			buildActionMask = 2147483647;
			files = (
				A9548FD32561C4CC00441B1A /* PatternStore.swift in Sources */,
				A95490152562F41D00441B1A /* Bridging.swift in Sources */,
				A9187953255A2F1B00C6B952 /* PatternList.swift in Sources */,
				A9548FE62561E4DD00441B1A /* BridgeCanvas.cpp in Sources */,
				A9548FCE2561C19700441B1A /* Pattern.swift in Sources */,
				A91879192559FD7400C6B952 /* ContentView.swift in Sources */,
				A91879172559FD7400C6B952 /* AppDelegate.swift in Sources */,
				A91879492559FE4500C6B952 /* PatternRow.swift in Sources */,
			);
			runOnlyForDeploymentPostprocessing = 0;
		};
		A91879242559FD7600C6B952 /* Sources */ = {
			isa = PBXSourcesBuildPhase;
			buildActionMask = 2147483647;
			files = (
				A918792D2559FD7600C6B952 /* LightShowTests.swift in Sources */,
			);
			runOnlyForDeploymentPostprocessing = 0;
		};
		A918792F2559FD7600C6B952 /* Sources */ = {
			isa = PBXSourcesBuildPhase;
			buildActionMask = 2147483647;
			files = (
				A91879382559FD7600C6B952 /* LightShowUITests.swift in Sources */,
			);
			runOnlyForDeploymentPostprocessing = 0;
		};
/* End PBXSourcesBuildPhase section */

/* Begin PBXTargetDependency section */
		A918792A2559FD7600C6B952 /* PBXTargetDependency */ = {
			isa = PBXTargetDependency;
			target = A91879122559FD7300C6B952 /* LightShow */;
			targetProxy = A91879292559FD7600C6B952 /* PBXContainerItemProxy */;
		};
		A91879352559FD7600C6B952 /* PBXTargetDependency */ = {
			isa = PBXTargetDependency;
			target = A91879122559FD7300C6B952 /* LightShow */;
			targetProxy = A91879342559FD7600C6B952 /* PBXContainerItemProxy */;
		};
/* End PBXTargetDependency section */

/* Begin PBXVariantGroup section */
		A918791F2559FD7600C6B952 /* Main.storyboard */ = {
			isa = PBXVariantGroup;
			children = (
				A91879202559FD7600C6B952 /* Base */,
			);
			name = Main.storyboard;
			sourceTree = "<group>";
		};
/* End PBXVariantGroup section */

/* Begin XCBuildConfiguration section */
		A918793A2559FD7600C6B952 /* Debug */ = {
			isa = XCBuildConfiguration;
			buildSettings = {
				ALWAYS_SEARCH_USER_PATHS = NO;
				CLANG_ANALYZER_NONNULL = YES;
				CLANG_ANALYZER_NUMBER_OBJECT_CONVERSION = YES_AGGRESSIVE;
				CLANG_CXX_LANGUAGE_STANDARD = "gnu++14";
				CLANG_CXX_LIBRARY = "libc++";
				CLANG_ENABLE_MODULES = YES;
				CLANG_ENABLE_OBJC_ARC = YES;
				CLANG_ENABLE_OBJC_WEAK = YES;
				CLANG_WARN_BLOCK_CAPTURE_AUTORELEASING = YES;
				CLANG_WARN_BOOL_CONVERSION = YES;
				CLANG_WARN_COMMA = YES;
				CLANG_WARN_CONSTANT_CONVERSION = YES;
				CLANG_WARN_DEPRECATED_OBJC_IMPLEMENTATIONS = YES;
				CLANG_WARN_DIRECT_OBJC_ISA_USAGE = YES_ERROR;
				CLANG_WARN_DOCUMENTATION_COMMENTS = YES;
				CLANG_WARN_EMPTY_BODY = YES;
				CLANG_WARN_ENUM_CONVERSION = YES;
				CLANG_WARN_INFINITE_RECURSION = YES;
				CLANG_WARN_INT_CONVERSION = YES;
				CLANG_WARN_NON_LITERAL_NULL_CONVERSION = YES;
				CLANG_WARN_OBJC_IMPLICIT_RETAIN_SELF = YES;
				CLANG_WARN_OBJC_LITERAL_CONVERSION = YES;
				CLANG_WARN_OBJC_ROOT_CLASS = YES_ERROR;
				CLANG_WARN_QUOTED_INCLUDE_IN_FRAMEWORK_HEADER = YES;
				CLANG_WARN_RANGE_LOOP_ANALYSIS = YES;
				CLANG_WARN_STRICT_PROTOTYPES = YES;
				CLANG_WARN_SUSPICIOUS_MOVE = YES;
				CLANG_WARN_UNGUARDED_AVAILABILITY = YES_AGGRESSIVE;
				CLANG_WARN_UNREACHABLE_CODE = YES;
				CLANG_WARN__DUPLICATE_METHOD_MATCH = YES;
				COPY_PHASE_STRIP = NO;
				DEBUG_INFORMATION_FORMAT = dwarf;
				ENABLE_STRICT_OBJC_MSGSEND = YES;
				ENABLE_TESTABILITY = YES;
				GCC_C_LANGUAGE_STANDARD = gnu11;
				GCC_DYNAMIC_NO_PIC = NO;
				GCC_NO_COMMON_BLOCKS = YES;
				GCC_OPTIMIZATION_LEVEL = 0;
				GCC_PREPROCESSOR_DEFINITIONS = (
					"DEBUG=1",
					"$(inherited)",
				);
				GCC_WARN_64_TO_32_BIT_CONVERSION = YES;
				GCC_WARN_ABOUT_RETURN_TYPE = YES_ERROR;
				GCC_WARN_UNDECLARED_SELECTOR = YES;
				GCC_WARN_UNINITIALIZED_AUTOS = YES_AGGRESSIVE;
				GCC_WARN_UNUSED_FUNCTION = YES;
				GCC_WARN_UNUSED_VARIABLE = YES;
				MACOSX_DEPLOYMENT_TARGET = 10.15;
				MTL_ENABLE_DEBUG_INFO = INCLUDE_SOURCE;
				MTL_FAST_MATH = YES;
				ONLY_ACTIVE_ARCH = YES;
				SDKROOT = macosx;
				SWIFT_ACTIVE_COMPILATION_CONDITIONS = DEBUG;
				SWIFT_OPTIMIZATION_LEVEL = "-Onone";
			};
			name = Debug;
		};
		A918793B2559FD7600C6B952 /* Release */ = {
			isa = XCBuildConfiguration;
			buildSettings = {
				ALWAYS_SEARCH_USER_PATHS = NO;
				CLANG_ANALYZER_NONNULL = YES;
				CLANG_ANALYZER_NUMBER_OBJECT_CONVERSION = YES_AGGRESSIVE;
				CLANG_CXX_LANGUAGE_STANDARD = "gnu++14";
				CLANG_CXX_LIBRARY = "libc++";
				CLANG_ENABLE_MODULES = YES;
				CLANG_ENABLE_OBJC_ARC = YES;
				CLANG_ENABLE_OBJC_WEAK = YES;
				CLANG_WARN_BLOCK_CAPTURE_AUTORELEASING = YES;
				CLANG_WARN_BOOL_CONVERSION = YES;
				CLANG_WARN_COMMA = YES;
				CLANG_WARN_CONSTANT_CONVERSION = YES;
				CLANG_WARN_DEPRECATED_OBJC_IMPLEMENTATIONS = YES;
				CLANG_WARN_DIRECT_OBJC_ISA_USAGE = YES_ERROR;
				CLANG_WARN_DOCUMENTATION_COMMENTS = YES;
				CLANG_WARN_EMPTY_BODY = YES;
				CLANG_WARN_ENUM_CONVERSION = YES;
				CLANG_WARN_INFINITE_RECURSION = YES;
				CLANG_WARN_INT_CONVERSION = YES;
				CLANG_WARN_NON_LITERAL_NULL_CONVERSION = YES;
				CLANG_WARN_OBJC_IMPLICIT_RETAIN_SELF = YES;
				CLANG_WARN_OBJC_LITERAL_CONVERSION = YES;
				CLANG_WARN_OBJC_ROOT_CLASS = YES_ERROR;
				CLANG_WARN_QUOTED_INCLUDE_IN_FRAMEWORK_HEADER = YES;
				CLANG_WARN_RANGE_LOOP_ANALYSIS = YES;
				CLANG_WARN_STRICT_PROTOTYPES = YES;
				CLANG_WARN_SUSPICIOUS_MOVE = YES;
				CLANG_WARN_UNGUARDED_AVAILABILITY = YES_AGGRESSIVE;
				CLANG_WARN_UNREACHABLE_CODE = YES;
				CLANG_WARN__DUPLICATE_METHOD_MATCH = YES;
				COPY_PHASE_STRIP = NO;
				DEBUG_INFORMATION_FORMAT = "dwarf-with-dsym";
				ENABLE_NS_ASSERTIONS = NO;
				ENABLE_STRICT_OBJC_MSGSEND = YES;
				GCC_C_LANGUAGE_STANDARD = gnu11;
				GCC_NO_COMMON_BLOCKS = YES;
				GCC_WARN_64_TO_32_BIT_CONVERSION = YES;
				GCC_WARN_ABOUT_RETURN_TYPE = YES_ERROR;
				GCC_WARN_UNDECLARED_SELECTOR = YES;
				GCC_WARN_UNINITIALIZED_AUTOS = YES_AGGRESSIVE;
				GCC_WARN_UNUSED_FUNCTION = YES;
				GCC_WARN_UNUSED_VARIABLE = YES;
				MACOSX_DEPLOYMENT_TARGET = 10.15;
				MTL_ENABLE_DEBUG_INFO = NO;
				MTL_FAST_MATH = YES;
				SDKROOT = macosx;
				SWIFT_COMPILATION_MODE = wholemodule;
				SWIFT_OPTIMIZATION_LEVEL = "-O";
			};
			name = Release;
		};
		A918793D2559FD7600C6B952 /* Debug */ = {
			isa = XCBuildConfiguration;
			buildSettings = {
				ASSETCATALOG_COMPILER_APPICON_NAME = AppIcon;
				ASSETCATALOG_COMPILER_GLOBAL_ACCENT_COLOR_NAME = AccentColor;
				CLANG_ENABLE_MODULES = YES;
				CODE_SIGN_ENTITLEMENTS = LightShow/LightShow.entitlements;
				CODE_SIGN_STYLE = Automatic;
				COMBINE_HIDPI_IMAGES = YES;
				DEVELOPMENT_ASSET_PATHS = "\"LightShow/Preview Content\"";
				DEVELOPMENT_TEAM = 5FKC4DJ862;
				ENABLE_HARDENED_RUNTIME = YES;
				ENABLE_PREVIEWS = YES;
				INFOPLIST_FILE = LightShow/Info.plist;
				LD_RUNPATH_SEARCH_PATHS = (
					"$(inherited)",
					"@executable_path/../Frameworks",
				);
				LIBRARY_SEARCH_PATHS = "../lightshow-render/src";
				MACOSX_DEPLOYMENT_TARGET = 10.15;
				PRODUCT_BUNDLE_IDENTIFIER = guidowb.LightShow;
				PRODUCT_NAME = "$(TARGET_NAME)";
				SWIFT_OBJC_BRIDGING_HEADER = LightShow/Bridging.h;
				SWIFT_OPTIMIZATION_LEVEL = "-Onone";
				SWIFT_VERSION = 5.0;
			};
			name = Debug;
		};
		A918793E2559FD7600C6B952 /* Release */ = {
			isa = XCBuildConfiguration;
			buildSettings = {
				ASSETCATALOG_COMPILER_APPICON_NAME = AppIcon;
				ASSETCATALOG_COMPILER_GLOBAL_ACCENT_COLOR_NAME = AccentColor;
				CLANG_ENABLE_MODULES = YES;
				CODE_SIGN_ENTITLEMENTS = LightShow/LightShow.entitlements;
				CODE_SIGN_STYLE = Automatic;
				COMBINE_HIDPI_IMAGES = YES;
				DEVELOPMENT_ASSET_PATHS = "\"LightShow/Preview Content\"";
				DEVELOPMENT_TEAM = 5FKC4DJ862;
				ENABLE_HARDENED_RUNTIME = YES;
				ENABLE_PREVIEWS = YES;
				INFOPLIST_FILE = LightShow/Info.plist;
				LD_RUNPATH_SEARCH_PATHS = (
					"$(inherited)",
					"@executable_path/../Frameworks",
				);
				LIBRARY_SEARCH_PATHS = "../lightshow-render/src";
				MACOSX_DEPLOYMENT_TARGET = 10.15;
				PRODUCT_BUNDLE_IDENTIFIER = guidowb.LightShow;
				PRODUCT_NAME = "$(TARGET_NAME)";
				SWIFT_OBJC_BRIDGING_HEADER = LightShow/Bridging.h;
				SWIFT_VERSION = 5.0;
			};
			name = Release;
		};
		A91879402559FD7600C6B952 /* Debug */ = {
			isa = XCBuildConfiguration;
			buildSettings = {
				ALWAYS_EMBED_SWIFT_STANDARD_LIBRARIES = YES;
				BUNDLE_LOADER = "$(TEST_HOST)";
				CLANG_ENABLE_MODULES = YES;
				CODE_SIGN_STYLE = Automatic;
				COMBINE_HIDPI_IMAGES = YES;
				DEVELOPMENT_TEAM = 5FKC4DJ862;
				INFOPLIST_FILE = LightStringsTests/Info.plist;
				LD_RUNPATH_SEARCH_PATHS = (
					"$(inherited)",
					"@executable_path/../Frameworks",
					"@loader_path/../Frameworks",
				);
				MACOSX_DEPLOYMENT_TARGET = 10.15;
				PRODUCT_BUNDLE_IDENTIFIER = guidowb.LightStringsTests;
				PRODUCT_NAME = "$(TARGET_NAME)";
				SWIFT_OBJC_BRIDGING_HEADER = "LightStringsTests/LightStringsTests-Bridging-Header.h";
				SWIFT_OPTIMIZATION_LEVEL = "-Onone";
				SWIFT_VERSION = 5.0;
				TEST_HOST = "$(BUILT_PRODUCTS_DIR)/LightShow.app/Contents/MacOS/LightShow";
			};
			name = Debug;
		};
		A91879412559FD7600C6B952 /* Release */ = {
			isa = XCBuildConfiguration;
			buildSettings = {
				ALWAYS_EMBED_SWIFT_STANDARD_LIBRARIES = YES;
				BUNDLE_LOADER = "$(TEST_HOST)";
				CLANG_ENABLE_MODULES = YES;
				CODE_SIGN_STYLE = Automatic;
				COMBINE_HIDPI_IMAGES = YES;
				DEVELOPMENT_TEAM = 5FKC4DJ862;
				INFOPLIST_FILE = LightStringsTests/Info.plist;
				LD_RUNPATH_SEARCH_PATHS = (
					"$(inherited)",
					"@executable_path/../Frameworks",
					"@loader_path/../Frameworks",
				);
				MACOSX_DEPLOYMENT_TARGET = 10.15;
				PRODUCT_BUNDLE_IDENTIFIER = guidowb.LightStringsTests;
				PRODUCT_NAME = "$(TARGET_NAME)";
				SWIFT_OBJC_BRIDGING_HEADER = "LightStringsTests/LightStringsTests-Bridging-Header.h";
				SWIFT_VERSION = 5.0;
				TEST_HOST = "$(BUILT_PRODUCTS_DIR)/LightShow.app/Contents/MacOS/LightShow";
			};
			name = Release;
		};
		A91879432559FD7600C6B952 /* Debug */ = {
			isa = XCBuildConfiguration;
			buildSettings = {
				ALWAYS_EMBED_SWIFT_STANDARD_LIBRARIES = YES;
				CODE_SIGN_STYLE = Automatic;
				COMBINE_HIDPI_IMAGES = YES;
				DEVELOPMENT_TEAM = 5FKC4DJ862;
				INFOPLIST_FILE = LightStringsUITests/Info.plist;
				LD_RUNPATH_SEARCH_PATHS = (
					"$(inherited)",
					"@executable_path/../Frameworks",
					"@loader_path/../Frameworks",
				);
				PRODUCT_BUNDLE_IDENTIFIER = guidowb.LightStringsUITests;
				PRODUCT_NAME = "$(TARGET_NAME)";
				SWIFT_VERSION = 5.0;
				TEST_TARGET_NAME = LightStrings;
			};
			name = Debug;
		};
		A91879442559FD7600C6B952 /* Release */ = {
			isa = XCBuildConfiguration;
			buildSettings = {
				ALWAYS_EMBED_SWIFT_STANDARD_LIBRARIES = YES;
				CODE_SIGN_STYLE = Automatic;
				COMBINE_HIDPI_IMAGES = YES;
				DEVELOPMENT_TEAM = 5FKC4DJ862;
				INFOPLIST_FILE = LightStringsUITests/Info.plist;
				LD_RUNPATH_SEARCH_PATHS = (
					"$(inherited)",
					"@executable_path/../Frameworks",
					"@loader_path/../Frameworks",
				);
				PRODUCT_BUNDLE_IDENTIFIER = guidowb.LightStringsUITests;
				PRODUCT_NAME = "$(TARGET_NAME)";
				SWIFT_VERSION = 5.0;
				TEST_TARGET_NAME = LightStrings;
			};
			name = Release;
		};
/* End XCBuildConfiguration section */

/* Begin XCConfigurationList section */
		A918790E2559FD7300C6B952 /* Build configuration list for PBXProject "LightShow" */ = {
			isa = XCConfigurationList;
			buildConfigurations = (
				A918793A2559FD7600C6B952 /* Debug */,
				A918793B2559FD7600C6B952 /* Release */,
			);
			defaultConfigurationIsVisible = 0;
			defaultConfigurationName = Release;
		};
		A918793C2559FD7600C6B952 /* Build configuration list for PBXNativeTarget "LightShow" */ = {
			isa = XCConfigurationList;
			buildConfigurations = (
				A918793D2559FD7600C6B952 /* Debug */,
				A918793E2559FD7600C6B952 /* Release */,
			);
			defaultConfigurationIsVisible = 0;
			defaultConfigurationName = Release;
		};
		A918793F2559FD7600C6B952 /* Build configuration list for PBXNativeTarget "LightShowTests" */ = {
			isa = XCConfigurationList;
			buildConfigurations = (
				A91879402559FD7600C6B952 /* Debug */,
				A91879412559FD7600C6B952 /* Release */,
			);
			defaultConfigurationIsVisible = 0;
			defaultConfigurationName = Release;
		};
		A91879422559FD7600C6B952 /* Build configuration list for PBXNativeTarget "LightShowUITests" */ = {
			isa = XCConfigurationList;
			buildConfigurations = (
				A91879432559FD7600C6B952 /* Debug */,
				A91879442559FD7600C6B952 /* Release */,
			);
			defaultConfigurationIsVisible = 0;
			defaultConfigurationName = Release;
		};
/* End XCConfigurationList section */
	};
	rootObject = A918790B2559FD7300C6B952 /* Project object */;
}
